
Microsoft Visual Studio Solution File, Format Version 12.00
# Visual Studio Version 17
VisualStudioVersion = 17.1.32328.378
MinimumVisualStudioVersion = 10.0.40219.1
Project("{9A19103F-16F7-4668-BE54-9A1E7A4F7556}") = "TeamSketch", "src\TeamSketch\TeamSketch.csproj", "{903BE624-ECA2-4BB2-8300-B9C408540E1B}"
EndProject
Project("{9A19103F-16F7-4668-BE54-9A1E7A4F7556}") = "TeamSketch.Web", "src\TeamSketch.Web\TeamSketch.Web.csproj", "{4DA7012B-0EEA-4C15-96A2-302AFA036B13}"
EndProject
Global
	GlobalSection(SolutionConfigurationPlatforms) = preSolution
		Debug|Any CPU = Debug|Any CPU
		Release|Any CPU = Release|Any CPU
	EndGlobalSection
	GlobalSection(ProjectConfigurationPlatforms) = postSolution
		{903BE624-ECA2-4BB2-8300-B9C408540E1B}.Debug|Any CPU.ActiveCfg = Debug|Any CPU
		{903BE624-ECA2-4BB2-8300-B9C408540E1B}.Debug|Any CPU.Build.0 = Debug|Any CPU
		{903BE624-ECA2-4BB2-8300-B9C408540E1B}.Release|Any CPU.ActiveCfg = Release|Any CPU
		{903BE624-ECA2-4BB2-8300-B9C408540E1B}.Release|Any CPU.Build.0 = Release|Any CPU
		{4DA7012B-0EEA-4C15-96A2-302AFA036B13}.Debug|Any CPU.ActiveCfg = Debug|Any CPU
		{4DA7012B-0EEA-4C15-96A2-302AFA036B13}.Debug|Any CPU.Build.0 = Debug|Any CPU
		{4DA7012B-0EEA-4C15-96A2-302AFA036B13}.Release|Any CPU.ActiveCfg = Release|Any CPU
		{4DA7012B-0EEA-4C15-96A2-302AFA036B13}.Release|Any CPU.Build.0 = Release|Any CPU
	EndGlobalSection
	GlobalSection(SolutionProperties) = preSolution
		HideSolutionNode = FALSE
	EndGlobalSection
	GlobalSection(ExtensibilityGlobals) = postSolution
		SolutionGuid = {2B992C9A-6E0B-4F83-A60A-DDE3F5CF1C15}
	EndGlobalSection
EndGlobal
